// !$*UTF8*$!
{
	archiveVersion = 1;
	classes = {
	};
	objectVersion = 46;
	objects = {

/* Begin PBXBuildFile section */
		F26CD9E81E34A5030047F0C6 /* AppDelegate.swift in Sources */ = {isa = PBXBuildFile; fileRef = F26CD9E71E34A5030047F0C6 /* AppDelegate.swift */; };
		F26CD9EA1E34A5030047F0C6 /* ViewController.swift in Sources */ = {isa = PBXBuildFile; fileRef = F26CD9E91E34A5030047F0C6 /* ViewController.swift */; };
		F26CD9EC1E34A5030047F0C6 /* Assets.xcassets in Resources */ = {isa = PBXBuildFile; fileRef = F26CD9EB1E34A5030047F0C6 /* Assets.xcassets */; };
		F26CD9EF1E34A5030047F0C6 /* Main.storyboard in Resources */ = {isa = PBXBuildFile; fileRef = F26CD9ED1E34A5030047F0C6 /* Main.storyboard */; };
		F26CD9FA1E34A5030047F0C6 /* TouchBarPaintSampleTests.swift in Sources */ = {isa = PBXBuildFile; fileRef = F26CD9F91E34A5030047F0C6 /* TouchBarPaintSampleTests.swift */; };
		F26CDA051E34A5030047F0C6 /* TouchBarPaintSampleUITests.swift in Sources */ = {isa = PBXBuildFile; fileRef = F26CDA041E34A5030047F0C6 /* TouchBarPaintSampleUITests.swift */; };
/* End PBXBuildFile section */

/* Begin PBXContainerItemProxy section */
		F26CD9F61E34A5030047F0C6 /* PBXContainerItemProxy */ = {
			isa = PBXContainerItemProxy;
			containerPortal = F26CD9DC1E34A5030047F0C6 /* Project object */;
			proxyType = 1;
			remoteGlobalIDString = F26CD9E31E34A5030047F0C6;
			remoteInfo = TouchBarPaintSample;
		};
		F26CDA011E34A5030047F0C6 /* PBXContainerItemProxy */ = {
			isa = PBXContainerItemProxy;
			containerPortal = F26CD9DC1E34A5030047F0C6 /* Project object */;
			proxyType = 1;
			remoteGlobalIDString = F26CD9E31E34A5030047F0C6;
			remoteInfo = TouchBarPaintSample;
		};
/* End PBXContainerItemProxy section */

/* Begin PBXFileReference section */
		F26CD9E41E34A5030047F0C6 /* TouchBarPaintSample.app */ = {isa = PBXFileReference; explicitFileType = wrapper.application; includeInIndex = 0; path = TouchBarPaintSample.app; sourceTree = BUILT_PRODUCTS_DIR; };
		F26CD9E71E34A5030047F0C6 /* AppDelegate.swift */ = {isa = PBXFileReference; lastKnownFileType = sourcecode.swift; path = AppDelegate.swift; sourceTree = "<group>"; };
		F26CD9E91E34A5030047F0C6 /* ViewController.swift */ = {isa = PBXFileReference; lastKnownFileType = sourcecode.swift; path = ViewController.swift; sourceTree = "<group>"; };
		F26CD9EB1E34A5030047F0C6 /* Assets.xcassets */ = {isa = PBXFileReference; lastKnownFileType = folder.assetcatalog; path = Assets.xcassets; sourceTree = "<group>"; };
		F26CD9EE1E34A5030047F0C6 /* Base */ = {isa = PBXFileReference; lastKnownFileType = file.storyboard; name = Base; path = Base.lproj/Main.storyboard; sourceTree = "<group>"; };
		F26CD9F01E34A5030047F0C6 /* Info.plist */ = {isa = PBXFileReference; lastKnownFileType = text.plist.xml; path = Info.plist; sourceTree = "<group>"; };
		F26CD9F51E34A5030047F0C6 /* TouchBarPaintSampleTests.xctest */ = {isa = PBXFileReference; explicitFileType = wrapper.cfbundle; includeInIndex = 0; path = TouchBarPaintSampleTests.xctest; sourceTree = BUILT_PRODUCTS_DIR; };
		F26CD9F91E34A5030047F0C6 /* TouchBarPaintSampleTests.swift */ = {isa = PBXFileReference; lastKnownFileType = sourcecode.swift; path = TouchBarPaintSampleTests.swift; sourceTree = "<group>"; };
		F26CD9FB1E34A5030047F0C6 /* Info.plist */ = {isa = PBXFileReference; lastKnownFileType = text.plist.xml; path = Info.plist; sourceTree = "<group>"; };
		F26CDA001E34A5030047F0C6 /* TouchBarPaintSampleUITests.xctest */ = {isa = PBXFileReference; explicitFileType = wrapper.cfbundle; includeInIndex = 0; path = TouchBarPaintSampleUITests.xctest; sourceTree = BUILT_PRODUCTS_DIR; };
		F26CDA041E34A5030047F0C6 /* TouchBarPaintSampleUITests.swift */ = {isa = PBXFileReference; lastKnownFileType = sourcecode.swift; path = TouchBarPaintSampleUITests.swift; sourceTree = "<group>"; };
		F26CDA061E34A5030047F0C6 /* Info.plist */ = {isa = PBXFileReference; lastKnownFileType = text.plist.xml; path = Info.plist; sourceTree = "<group>"; };
/* End PBXFileReference section */

/* Begin PBXFrameworksBuildPhase section */
		F26CD9E11E34A5030047F0C6 /* Frameworks */ = {
			isa = PBXFrameworksBuildPhase;
			buildActionMask = 2147483647;
			files = (
			);
			runOnlyForDeploymentPostprocessing = 0;
		};
		F26CD9F21E34A5030047F0C6 /* Frameworks */ = {
			isa = PBXFrameworksBuildPhase;
			buildActionMask = 2147483647;
			files = (
			);
			runOnlyForDeploymentPostprocessing = 0;
		};
		F26CD9FD1E34A5030047F0C6 /* Frameworks */ = {
			isa = PBXFrameworksBuildPhase;
			buildActionMask = 2147483647;
			files = (
			);
			runOnlyForDeploymentPostprocessing = 0;
		};
/* End PBXFrameworksBuildPhase section */

/* Begin PBXGroup section */
		F26CD9DB1E34A5030047F0C6 = {
			isa = PBXGroup;
			children = (
				F26CD9E61E34A5030047F0C6 /* TouchBarPaintSample */,
				F26CD9F81E34A5030047F0C6 /* TouchBarPaintSampleTests */,
				F26CDA031E34A5030047F0C6 /* TouchBarPaintSampleUITests */,
				F26CD9E51E34A5030047F0C6 /* Products */,
			);
			sourceTree = "<group>";
		};
		F26CD9E51E34A5030047F0C6 /* Products */ = {
			isa = PBXGroup;
			children = (
				F26CD9E41E34A5030047F0C6 /* TouchBarPaintSample.app */,
				F26CD9F51E34A5030047F0C6 /* TouchBarPaintSampleTests.xctest */,
				F26CDA001E34A5030047F0C6 /* TouchBarPaintSampleUITests.xctest */,
			);
			name = Products;
			sourceTree = "<group>";
		};
		F26CD9E61E34A5030047F0C6 /* TouchBarPaintSample */ = {
			isa = PBXGroup;
			children = (
				F26CD9E71E34A5030047F0C6 /* AppDelegate.swift */,
				F26CD9E91E34A5030047F0C6 /* ViewController.swift */,
				F26CD9EB1E34A5030047F0C6 /* Assets.xcassets */,
				F26CD9ED1E34A5030047F0C6 /* Main.storyboard */,
				F26CD9F01E34A5030047F0C6 /* Info.plist */,
			);
			path = TouchBarPaintSample;
			sourceTree = "<group>";
		};
		F26CD9F81E34A5030047F0C6 /* TouchBarPaintSampleTests */ = {
			isa = PBXGroup;
			children = (
				F26CD9F91E34A5030047F0C6 /* TouchBarPaintSampleTests.swift */,
				F26CD9FB1E34A5030047F0C6 /* Info.plist */,
			);
			path = TouchBarPaintSampleTests;
			sourceTree = "<group>";
		};
		F26CDA031E34A5030047F0C6 /* TouchBarPaintSampleUITests */ = {
			isa = PBXGroup;
			children = (
				F26CDA041E34A5030047F0C6 /* TouchBarPaintSampleUITests.swift */,
				F26CDA061E34A5030047F0C6 /* Info.plist */,
			);
			path = TouchBarPaintSampleUITests;
			sourceTree = "<group>";
		};
/* End PBXGroup section */

/* Begin PBXNativeTarget section */
		F26CD9E31E34A5030047F0C6 /* TouchBarPaintSample */ = {
			isa = PBXNativeTarget;
			buildConfigurationList = F26CDA091E34A5030047F0C6 /* Build configuration list for PBXNativeTarget "TouchBarPaintSample" */;
			buildPhases = (
				F26CD9E01E34A5030047F0C6 /* Sources */,
				F26CD9E11E34A5030047F0C6 /* Frameworks */,
				F26CD9E21E34A5030047F0C6 /* Resources */,
			);
			buildRules = (
			);
			dependencies = (
			);
			name = TouchBarPaintSample;
			productName = TouchBarPaintSample;
			productReference = F26CD9E41E34A5030047F0C6 /* TouchBarPaintSample.app */;
			productType = "com.apple.product-type.application";
		};
		F26CD9F41E34A5030047F0C6 /* TouchBarPaintSampleTests */ = {
			isa = PBXNativeTarget;
			buildConfigurationList = F26CDA0C1E34A5030047F0C6 /* Build configuration list for PBXNativeTarget "TouchBarPaintSampleTests" */;
			buildPhases = (
				F26CD9F11E34A5030047F0C6 /* Sources */,
				F26CD9F21E34A5030047F0C6 /* Frameworks */,
				F26CD9F31E34A5030047F0C6 /* Resources */,
			);
			buildRules = (
			);
			dependencies = (
				F26CD9F71E34A5030047F0C6 /* PBXTargetDependency */,
			);
			name = TouchBarPaintSampleTests;
			productName = TouchBarPaintSampleTests;
			productReference = F26CD9F51E34A5030047F0C6 /* TouchBarPaintSampleTests.xctest */;
			productType = "com.apple.product-type.bundle.unit-test";
		};
		F26CD9FF1E34A5030047F0C6 /* TouchBarPaintSampleUITests */ = {
			isa = PBXNativeTarget;
			buildConfigurationList = F26CDA0F1E34A5030047F0C6 /* Build configuration list for PBXNativeTarget "TouchBarPaintSampleUITests" */;
			buildPhases = (
				F26CD9FC1E34A5030047F0C6 /* Sources */,
				F26CD9FD1E34A5030047F0C6 /* Frameworks */,
				F26CD9FE1E34A5030047F0C6 /* Resources */,
			);
			buildRules = (
			);
			dependencies = (
				F26CDA021E34A5030047F0C6 /* PBXTargetDependency */,
			);
			name = TouchBarPaintSampleUITests;
			productName = TouchBarPaintSampleUITests;
			productReference = F26CDA001E34A5030047F0C6 /* TouchBarPaintSampleUITests.xctest */;
			productType = "com.apple.product-type.bundle.ui-testing";
		};
/* End PBXNativeTarget section */

/* Begin PBXProject section */
		F26CD9DC1E34A5030047F0C6 /* Project object */ = {
			isa = PBXProject;
			attributes = {
				LastSwiftUpdateCheck = 0820;
				LastUpgradeCheck = 0820;
				ORGANIZATIONNAME = msnr;
				TargetAttributes = {
					F26CD9E31E34A5030047F0C6 = {
						CreatedOnToolsVersion = 8.2.1;
						DevelopmentTeam = D2R737286R;
						ProvisioningStyle = Automatic;
					};
					F26CD9F41E34A5030047F0C6 = {
						CreatedOnToolsVersion = 8.2.1;
						DevelopmentTeam = D2R737286R;
						ProvisioningStyle = Automatic;
						TestTargetID = F26CD9E31E34A5030047F0C6;
					};
					F26CD9FF1E34A5030047F0C6 = {
						CreatedOnToolsVersion = 8.2.1;
						DevelopmentTeam = D2R737286R;
						ProvisioningStyle = Automatic;
						TestTargetID = F26CD9E31E34A5030047F0C6;
					};
				};
			};
			buildConfigurationList = F26CD9DF1E34A5030047F0C6 /* Build configuration list for PBXProject "TouchBarPaintSample" */;
			compatibilityVersion = "Xcode 3.2";
			developmentRegion = English;
			hasScannedForEncodings = 0;
			knownRegions = (
				en,
				Base,
			);
			mainGroup = F26CD9DB1E34A5030047F0C6;
			productRefGroup = F26CD9E51E34A5030047F0C6 /* Products */;
			projectDirPath = "";
			projectRoot = "";
			targets = (
				F26CD9E31E34A5030047F0C6 /* TouchBarPaintSample */,
				F26CD9F41E34A5030047F0C6 /* TouchBarPaintSampleTests */,
				F26CD9FF1E34A5030047F0C6 /* TouchBarPaintSampleUITests */,
			);
		};
/* End PBXProject section */

/* Begin PBXResourcesBuildPhase section */
		F26CD9E21E34A5030047F0C6 /* Resources */ = {
			isa = PBXResourcesBuildPhase;
			buildActionMask = 2147483647;
			files = (
				F26CD9EC1E34A5030047F0C6 /* Assets.xcassets in Resources */,
				F26CD9EF1E34A5030047F0C6 /* Main.storyboard in Resources */,
			);
			runOnlyForDeploymentPostprocessing = 0;
		};
		F26CD9F31E34A5030047F0C6 /* Resources */ = {
			isa = PBXResourcesBuildPhase;
			buildActionMask = 2147483647;
			files = (
			);
			runOnlyForDeploymentPostprocessing = 0;
		};
		F26CD9FE1E34A5030047F0C6 /* Resources */ = {
			isa = PBXResourcesBuildPhase;
			buildActionMask = 2147483647;
			files = (
			);
			runOnlyForDeploymentPostprocessing = 0;
		};
/* End PBXResourcesBuildPhase section */

/* Begin PBXSourcesBuildPhase section */
		F26CD9E01E34A5030047F0C6 /* Sources */ = {
			isa = PBXSourcesBuildPhase;
			buildActionMask = 2147483647;
			files = (
				F26CD9EA1E34A5030047F0C6 /* ViewController.swift in Sources */,
				F26CD9E81E34A5030047F0C6 /* AppDelegate.swift in Sources */,
			);
			runOnlyForDeploymentPostprocessing = 0;
		};
		F26CD9F11E34A5030047F0C6 /* Sources */ = {
			isa = PBXSourcesBuildPhase;
			buildActionMask = 2147483647;
			files = (
				F26CD9FA1E34A5030047F0C6 /* TouchBarPaintSampleTests.swift in Sources */,
			);
			runOnlyForDeploymentPostprocessing = 0;
		};
		F26CD9FC1E34A5030047F0C6 /* Sources */ = {
			isa = PBXSourcesBuildPhase;
			buildActionMask = 2147483647;
			files = (
				F26CDA051E34A5030047F0C6 /* TouchBarPaintSampleUITests.swift in Sources */,
			);
			runOnlyForDeploymentPostprocessing = 0;
		};
/* End PBXSourcesBuildPhase section */

/* Begin PBXTargetDependency section */
		F26CD9F71E34A5030047F0C6 /* PBXTargetDependency */ = {
			isa = PBXTargetDependency;
			target = F26CD9E31E34A5030047F0C6 /* TouchBarPaintSample */;
			targetProxy = F26CD9F61E34A5030047F0C6 /* PBXContainerItemProxy */;
		};
		F26CDA021E34A5030047F0C6 /* PBXTargetDependency */ = {
			isa = PBXTargetDependency;
			target = F26CD9E31E34A5030047F0C6 /* TouchBarPaintSample */;
			targetProxy = F26CDA011E34A5030047F0C6 /* PBXContainerItemProxy */;
		};
/* End PBXTargetDependency section */

/* Begin PBXVariantGroup section */
		F26CD9ED1E34A5030047F0C6 /* Main.storyboard */ = {
			isa = PBXVariantGroup;
			children = (
				F26CD9EE1E34A5030047F0C6 /* Base */,
			);
			name = Main.storyboard;
			sourceTree = "<group>";
		};
/* End PBXVariantGroup section */

/* Begin XCBuildConfiguration section */
		F26CDA071E34A5030047F0C6 /* Debug */ = {
			isa = XCBuildConfiguration;
			buildSettings = {
				ALWAYS_SEARCH_USER_PATHS = NO;
				CLANG_ANALYZER_NONNULL = YES;
				CLANG_CXX_LANGUAGE_STANDARD = "gnu++0x";
				CLANG_CXX_LIBRARY = "libc++";
				CLANG_ENABLE_MODULES = YES;
				CLANG_ENABLE_OBJC_ARC = YES;
				CLANG_WARN_BOOL_CONVERSION = YES;
				CLANG_WARN_CONSTANT_CONVERSION = YES;
				CLANG_WARN_DIRECT_OBJC_ISA_USAGE = YES_ERROR;
				CLANG_WARN_DOCUMENTATION_COMMENTS = YES;
				CLANG_WARN_EMPTY_BODY = YES;
				CLANG_WARN_ENUM_CONVERSION = YES;
				CLANG_WARN_INFINITE_RECURSION = YES;
				CLANG_WARN_INT_CONVERSION = YES;
				CLANG_WARN_OBJC_ROOT_CLASS = YES_ERROR;
				CLANG_WARN_SUSPICIOUS_MOVE = YES;
				CLANG_WARN_UNREACHABLE_CODE = YES;
				CLANG_WARN__DUPLICATE_METHOD_MATCH = YES;
				CODE_SIGN_IDENTITY = "-";
				COPY_PHASE_STRIP = NO;
				DEBUG_INFORMATION_FORMAT = dwarf;
				ENABLE_STRICT_OBJC_MSGSEND = YES;
				ENABLE_TESTABILITY = YES;
				GCC_C_LANGUAGE_STANDARD = gnu99;
				GCC_DYNAMIC_NO_PIC = NO;
				GCC_NO_COMMON_BLOCKS = YES;
				GCC_OPTIMIZATION_LEVEL = 0;
				GCC_PREPROCESSOR_DEFINITIONS = (
					"DEBUG=1",
					"$(inherited)",
				);
				GCC_WARN_64_TO_32_BIT_CONVERSION = YES;
				GCC_WARN_ABOUT_RETURN_TYPE = YES_ERROR;
				GCC_WARN_UNDECLARED_SELECTOR = YES;
				GCC_WARN_UNINITIALIZED_AUTOS = YES_AGGRESSIVE;
				GCC_WARN_UNUSED_FUNCTION = YES;
				GCC_WARN_UNUSED_VARIABLE = YES;
				MACOSX_DEPLOYMENT_TARGET = 10.12;
				MTL_ENABLE_DEBUG_INFO = YES;
				ONLY_ACTIVE_ARCH = YES;
				SDKROOT = macosx;
				SWIFT_ACTIVE_COMPILATION_CONDITIONS = DEBUG;
				SWIFT_OPTIMIZATION_LEVEL = "-Onone";
			};
			name = Debug;
		};
		F26CDA081E34A5030047F0C6 /* Release */ = {
			isa = XCBuildConfiguration;
			buildSettings = {
				ALWAYS_SEARCH_USER_PATHS = NO;
				CLANG_ANALYZER_NONNULL = YES;
				CLANG_CXX_LANGUAGE_STANDARD = "gnu++0x";
				CLANG_CXX_LIBRARY = "libc++";
				CLANG_ENABLE_MODULES = YES;
				CLANG_ENABLE_OBJC_ARC = YES;
				CLANG_WARN_BOOL_CONVERSION = YES;
				CLANG_WARN_CONSTANT_CONVERSION = YES;
				CLANG_WARN_DIRECT_OBJC_ISA_USAGE = YES_ERROR;
				CLANG_WARN_DOCUMENTATION_COMMENTS = YES;
				CLANG_WARN_EMPTY_BODY = YES;
				CLANG_WARN_ENUM_CONVERSION = YES;
				CLANG_WARN_INFINITE_RECURSION = YES;
				CLANG_WARN_INT_CONVERSION = YES;
				CLANG_WARN_OBJC_ROOT_CLASS = YES_ERROR;
				CLANG_WARN_SUSPICIOUS_MOVE = YES;
				CLANG_WARN_UNREACHABLE_CODE = YES;
				CLANG_WARN__DUPLICATE_METHOD_MATCH = YES;
				CODE_SIGN_IDENTITY = "-";
				COPY_PHASE_STRIP = NO;
				DEBUG_INFORMATION_FORMAT = "dwarf-with-dsym";
				ENABLE_NS_ASSERTIONS = NO;
				ENABLE_STRICT_OBJC_MSGSEND = YES;
				GCC_C_LANGUAGE_STANDARD = gnu99;
				GCC_NO_COMMON_BLOCKS = YES;
				GCC_WARN_64_TO_32_BIT_CONVERSION = YES;
				GCC_WARN_ABOUT_RETURN_TYPE = YES_ERROR;
				GCC_WARN_UNDECLARED_SELECTOR = YES;
				GCC_WARN_UNINITIALIZED_AUTOS = YES_AGGRESSIVE;
				GCC_WARN_UNUSED_FUNCTION = YES;
				GCC_WARN_UNUSED_VARIABLE = YES;
				MACOSX_DEPLOYMENT_TARGET = 10.12;
				MTL_ENABLE_DEBUG_INFO = NO;
				SDKROOT = macosx;
				SWIFT_OPTIMIZATION_LEVEL = "-Owholemodule";
			};
			name = Release;
		};
		F26CDA0A1E34A5030047F0C6 /* Debug */ = {
			isa = XCBuildConfiguration;
			buildSettings = {
				ASSETCATALOG_COMPILER_APPICON_NAME = AppIcon;
				COMBINE_HIDPI_IMAGES = YES;
				DEVELOPMENT_TEAM = D2R737286R;
				INFOPLIST_FILE = TouchBarPaintSample/Info.plist;
				LD_RUNPATH_SEARCH_PATHS = "$(inherited) @executable_path/../Frameworks";
				PRODUCT_BUNDLE_IDENTIFIER = com.rnsm504.TouchBarPaintSample;
				PRODUCT_NAME = "$(TARGET_NAME)";
				SWIFT_VERSION = 3.0;
			};
			name = Debug;
		};
		F26CDA0B1E34A5030047F0C6 /* Release */ = {
			isa = XCBuildConfiguration;
			buildSettings = {
				ASSETCATALOG_COMPILER_APPICON_NAME = AppIcon;
				COMBINE_HIDPI_IMAGES = YES;
				DEVELOPMENT_TEAM = D2R737286R;
				INFOPLIST_FILE = TouchBarPaintSample/Info.plist;
				LD_RUNPATH_SEARCH_PATHS = "$(inherited) @executable_path/../Frameworks";
				PRODUCT_BUNDLE_IDENTIFIER = com.rnsm504.TouchBarPaintSample;
				PRODUCT_NAME = "$(TARGET_NAME)";
				SWIFT_VERSION = 3.0;
			};
			name = Release;
		};
		F26CDA0D1E34A5030047F0C6 /* Debug */ = {
			isa = XCBuildConfiguration;
			buildSettings = {
				ALWAYS_EMBED_SWIFT_STANDARD_LIBRARIES = YES;
				BUNDLE_LOADER = "$(TEST_HOST)";
				COMBINE_HIDPI_IMAGES = YES;
				DEVELOPMENT_TEAM = D2R737286R;
				INFOPLIST_FILE = TouchBarPaintSampleTests/Info.plist;
				LD_RUNPATH_SEARCH_PATHS = "$(inherited) @executable_path/../Frameworks @loader_path/../Frameworks";
				PRODUCT_BUNDLE_IDENTIFIER = com.rnsm504.TouchBarPaintSampleTests;
				PRODUCT_NAME = "$(TARGET_NAME)";
				SWIFT_VERSION = 3.0;
				TEST_HOST = "$(BUILT_PRODUCTS_DIR)/TouchBarPaintSample.app/Contents/MacOS/TouchBarPaintSample";
			};
			name = Debug;
		};
		F26CDA0E1E34A5030047F0C6 /* Release */ = {
			isa = XCBuildConfiguration;
			buildSettings = {
				ALWAYS_EMBED_SWIFT_STANDARD_LIBRARIES = YES;
				BUNDLE_LOADER = "$(TEST_HOST)";
				COMBINE_HIDPI_IMAGES = YES;
				DEVELOPMENT_TEAM = D2R737286R;
				INFOPLIST_FILE = TouchBarPaintSampleTests/Info.plist;
				LD_RUNPATH_SEARCH_PATHS = "$(inherited) @executable_path/../Frameworks @loader_path/../Frameworks";
				PRODUCT_BUNDLE_IDENTIFIER = com.rnsm504.TouchBarPaintSampleTests;
				PRODUCT_NAME = "$(TARGET_NAME)";
				SWIFT_VERSION = 3.0;
				TEST_HOST = "$(BUILT_PRODUCTS_DIR)/TouchBarPaintSample.app/Contents/MacOS/TouchBarPaintSample";
			};
			name = Release;
		};
		F26CDA101E34A5030047F0C6 /* Debug */ = {
			isa = XCBuildConfiguration;
			buildSettings = {
				ALWAYS_EMBED_SWIFT_STANDARD_LIBRARIES = YES;
				COMBINE_HIDPI_IMAGES = YES;
				DEVELOPMENT_TEAM = D2R737286R;
				INFOPLIST_FILE = TouchBarPaintSampleUITests/Info.plist;
				LD_RUNPATH_SEARCH_PATHS = "$(inherited) @executable_path/../Frameworks @loader_path/../Frameworks";
				PRODUCT_BUNDLE_IDENTIFIER = com.rnsm504.TouchBarPaintSampleUITests;
				PRODUCT_NAME = "$(TARGET_NAME)";
				SWIFT_VERSION = 3.0;
				TEST_TARGET_NAME = TouchBarPaintSample;
			};
			name = Debug;
		};
		F26CDA111E34A5030047F0C6 /* Release */ = {
			isa = XCBuildConfiguration;
			buildSettings = {
				ALWAYS_EMBED_SWIFT_STANDARD_LIBRARIES = YES;
				COMBINE_HIDPI_IMAGES = YES;
				DEVELOPMENT_TEAM = D2R737286R;
				INFOPLIST_FILE = TouchBarPaintSampleUITests/Info.plist;
				LD_RUNPATH_SEARCH_PATHS = "$(inherited) @executable_path/../Frameworks @loader_path/../Frameworks";
				PRODUCT_BUNDLE_IDENTIFIER = com.rnsm504.TouchBarPaintSampleUITests;
				PRODUCT_NAME = "$(TARGET_NAME)";
				SWIFT_VERSION = 3.0;
				TEST_TARGET_NAME = TouchBarPaintSample;
			};
			name = Release;
		};
/* End XCBuildConfiguration section */

/* Begin XCConfigurationList section */
		F26CD9DF1E34A5030047F0C6 /* Build configuration list for PBXProject "TouchBarPaintSample" */ = {
			isa = XCConfigurationList;
			buildConfigurations = (
				F26CDA071E34A5030047F0C6 /* Debug */,
				F26CDA081E34A5030047F0C6 /* Release */,
			);
			defaultConfigurationIsVisible = 0;
			defaultConfigurationName = Release;
		};
		F26CDA091E34A5030047F0C6 /* Build configuration list for PBXNativeTarget "TouchBarPaintSample" */ = {
			isa = XCConfigurationList;
			buildConfigurations = (
				F26CDA0A1E34A5030047F0C6 /* Debug */,
				F26CDA0B1E34A5030047F0C6 /* Release */,
			);
			defaultConfigurationIsVisible = 0;
		};
		F26CDA0C1E34A5030047F0C6 /* Build configuration list for PBXNativeTarget "TouchBarPaintSampleTests" */ = {
			isa = XCConfigurationList;
			buildConfigurations = (
				F26CDA0D1E34A5030047F0C6 /* Debug */,
				F26CDA0E1E34A5030047F0C6 /* Release */,
			);
			defaultConfigurationIsVisible = 0;
		};
		F26CDA0F1E34A5030047F0C6 /* Build configuration list for PBXNativeTarget "TouchBarPaintSampleUITests" */ = {
			isa = XCConfigurationList;
			buildConfigurations = (
				F26CDA101E34A5030047F0C6 /* Debug */,
				F26CDA111E34A5030047F0C6 /* Release */,
			);
			defaultConfigurationIsVisible = 0;
		};
/* End XCConfigurationList section */
	};
	rootObject = F26CD9DC1E34A5030047F0C6 /* Project object */;
}
